// !$*UTF8*$!
{
	archiveVersion = 1;
	classes = {
	};
	objectVersion = 50;
	objects = {

/* Begin PBXBuildFile section */
		BA93C9FD24321FFD008B5E44 /* AppDelegate.swift in Sources */ = {isa = PBXBuildFile; fileRef = BA93C9FC24321FFD008B5E44 /* AppDelegate.swift */; };
		BA93C9FF24321FFD008B5E44 /* ViewController.swift in Sources */ = {isa = PBXBuildFile; fileRef = BA93C9FE24321FFD008B5E44 /* ViewController.swift */; };
		BA93CA0224321FFD008B5E44 /* Main.storyboard in Resources */ = {isa = PBXBuildFile; fileRef = BA93CA0024321FFD008B5E44 /* Main.storyboard */; };
		BA93CA042432200C008B5E44 /* Assets.xcassets in Resources */ = {isa = PBXBuildFile; fileRef = BA93CA032432200C008B5E44 /* Assets.xcassets */; };
		BA93CA072432200C008B5E44 /* LaunchScreen.storyboard in Resources */ = {isa = PBXBuildFile; fileRef = BA93CA052432200C008B5E44 /* LaunchScreen.storyboard */; };
		BA93CA0F24322055008B5E44 /* Movie.swift in Sources */ = {isa = PBXBuildFile; fileRef = BA93CA0E24322055008B5E44 /* Movie.swift */; };
		BA93CA1124322074008B5E44 /* SqliteManager.swift in Sources */ = {isa = PBXBuildFile; fileRef = BA93CA1024322074008B5E44 /* SqliteManager.swift */; };
		BA93CA1324327882008B5E44 /* TableViewController.swift in Sources */ = {isa = PBXBuildFile; fileRef = BA93CA1224327882008B5E44 /* TableViewController.swift */; };
		BA93CA1524327945008B5E44 /* MyTableViewCell.swift in Sources */ = {isa = PBXBuildFile; fileRef = BA93CA1424327945008B5E44 /* MyTableViewCell.swift */; };
		BA93CA1724328F38008B5E44 /* placeholder.png in Resources */ = {isa = PBXBuildFile; fileRef = BA93CA1624328F38008B5E44 /* placeholder.png */; };
/* End PBXBuildFile section */

/* Begin PBXFileReference section */
		BA93C9F924321FFD008B5E44 /* MoviesWithSqlite.app */ = {isa = PBXFileReference; explicitFileType = wrapper.application; includeInIndex = 0; path = MoviesWithSqlite.app; sourceTree = BUILT_PRODUCTS_DIR; };
		BA93C9FC24321FFD008B5E44 /* AppDelegate.swift */ = {isa = PBXFileReference; lastKnownFileType = sourcecode.swift; path = AppDelegate.swift; sourceTree = "<group>"; };
		BA93C9FE24321FFD008B5E44 /* ViewController.swift */ = {isa = PBXFileReference; lastKnownFileType = sourcecode.swift; path = ViewController.swift; sourceTree = "<group>"; };
		BA93CA0124321FFD008B5E44 /* Base */ = {isa = PBXFileReference; lastKnownFileType = file.storyboard; name = Base; path = Base.lproj/Main.storyboard; sourceTree = "<group>"; };
		BA93CA032432200C008B5E44 /* Assets.xcassets */ = {isa = PBXFileReference; lastKnownFileType = folder.assetcatalog; path = Assets.xcassets; sourceTree = "<group>"; };
		BA93CA062432200C008B5E44 /* Base */ = {isa = PBXFileReference; lastKnownFileType = file.storyboard; name = Base; path = Base.lproj/LaunchScreen.storyboard; sourceTree = "<group>"; };
		BA93CA082432200C008B5E44 /* Info.plist */ = {isa = PBXFileReference; lastKnownFileType = text.plist.xml; path = Info.plist; sourceTree = "<group>"; };
		BA93CA0E24322055008B5E44 /* Movie.swift */ = {isa = PBXFileReference; lastKnownFileType = sourcecode.swift; path = Movie.swift; sourceTree = "<group>"; };
		BA93CA1024322074008B5E44 /* SqliteManager.swift */ = {isa = PBXFileReference; lastKnownFileType = sourcecode.swift; path = SqliteManager.swift; sourceTree = "<group>"; };
		BA93CA1224327882008B5E44 /* TableViewController.swift */ = {isa = PBXFileReference; lastKnownFileType = sourcecode.swift; path = TableViewController.swift; sourceTree = "<group>"; };
		BA93CA1424327945008B5E44 /* MyTableViewCell.swift */ = {isa = PBXFileReference; lastKnownFileType = sourcecode.swift; path = MyTableViewCell.swift; sourceTree = "<group>"; };
		BA93CA1624328F38008B5E44 /* placeholder.png */ = {isa = PBXFileReference; lastKnownFileType = image.png; path = placeholder.png; sourceTree = "<group>"; };
/* End PBXFileReference section */

/* Begin PBXFrameworksBuildPhase section */
		BA93C9F624321FFD008B5E44 /* Frameworks */ = {
			isa = PBXFrameworksBuildPhase;
			buildActionMask = 2147483647;
			files = (
			);
			runOnlyForDeploymentPostprocessing = 0;
		};
/* End PBXFrameworksBuildPhase section */

/* Begin PBXGroup section */
		BA93C9F024321FFD008B5E44 = {
			isa = PBXGroup;
			children = (
				BA93C9FB24321FFD008B5E44 /* MoviesWithSqlite */,
				BA93C9FA24321FFD008B5E44 /* Products */,
			);
			sourceTree = "<group>";
		};
		BA93C9FA24321FFD008B5E44 /* Products */ = {
			isa = PBXGroup;
			children = (
				BA93C9F924321FFD008B5E44 /* MoviesWithSqlite.app */,
			);
			name = Products;
			sourceTree = "<group>";
		};
		BA93C9FB24321FFD008B5E44 /* MoviesWithSqlite */ = {
			isa = PBXGroup;
			children = (
				BA93C9FC24321FFD008B5E44 /* AppDelegate.swift */,
				BA93CA1624328F38008B5E44 /* placeholder.png */,
				BA93C9FE24321FFD008B5E44 /* ViewController.swift */,
				BA93CA0024321FFD008B5E44 /* Main.storyboard */,
				BA93CA032432200C008B5E44 /* Assets.xcassets */,
				BA93CA052432200C008B5E44 /* LaunchScreen.storyboard */,
				BA93CA082432200C008B5E44 /* Info.plist */,
				BA93CA0E24322055008B5E44 /* Movie.swift */,
				BA93CA1024322074008B5E44 /* SqliteManager.swift */,
				BA93CA1224327882008B5E44 /* TableViewController.swift */,
				BA93CA1424327945008B5E44 /* MyTableViewCell.swift */,
			);
			path = MoviesWithSqlite;
			sourceTree = "<group>";
		};
/* End PBXGroup section */

/* Begin PBXNativeTarget section */
		BA93C9F824321FFD008B5E44 /* MoviesWithSqlite */ = {
			isa = PBXNativeTarget;
			buildConfigurationList = BA93CA0B2432200C008B5E44 /* Build configuration list for PBXNativeTarget "MoviesWithSqlite" */;
			buildPhases = (
				BA93C9F524321FFD008B5E44 /* Sources */,
				BA93C9F624321FFD008B5E44 /* Frameworks */,
				BA93C9F724321FFD008B5E44 /* Resources */,
			);
			buildRules = (
			);
			dependencies = (
			);
			name = MoviesWithSqlite;
			productName = MoviesWithSqlite;
			productReference = BA93C9F924321FFD008B5E44 /* MoviesWithSqlite.app */;
			productType = "com.apple.product-type.application";
		};
/* End PBXNativeTarget section */

/* Begin PBXProject section */
		BA93C9F124321FFD008B5E44 /* Project object */ = {
			isa = PBXProject;
			attributes = {
				LastSwiftUpdateCheck = 0930;
				LastUpgradeCheck = 0930;
				ORGANIZATIONNAME = Jets;
				TargetAttributes = {
					BA93C9F824321FFD008B5E44 = {
						CreatedOnToolsVersion = 9.3;
					};
				};
			};
			buildConfigurationList = BA93C9F424321FFD008B5E44 /* Build configuration list for PBXProject "MoviesWithSqlite" */;
			compatibilityVersion = "Xcode 9.3";
			developmentRegion = en;
			hasScannedForEncodings = 0;
			knownRegions = (
				en,
				Base,
			);
			mainGroup = BA93C9F024321FFD008B5E44;
			productRefGroup = BA93C9FA24321FFD008B5E44 /* Products */;
			projectDirPath = "";
			projectRoot = "";
			targets = (
				BA93C9F824321FFD008B5E44 /* MoviesWithSqlite */,
			);
		};
/* End PBXProject section */

/* Begin PBXResourcesBuildPhase section */
		BA93C9F724321FFD008B5E44 /* Resources */ = {
			isa = PBXResourcesBuildPhase;
			buildActionMask = 2147483647;
			files = (
				BA93CA072432200C008B5E44 /* LaunchScreen.storyboard in Resources */,
				BA93CA1724328F38008B5E44 /* placeholder.png in Resources */,
				BA93CA042432200C008B5E44 /* Assets.xcassets in Resources */,
				BA93CA0224321FFD008B5E44 /* Main.storyboard in Resources */,
			);
			runOnlyForDeploymentPostprocessing = 0;
		};
/* End PBXResourcesBuildPhase section */

/* Begin PBXSourcesBuildPhase section */
		BA93C9F524321FFD008B5E44 /* Sources */ = {
			isa = PBXSourcesBuildPhase;
			buildActionMask = 2147483647;
			files = (
				BA93C9FF24321FFD008B5E44 /* ViewController.swift in Sources */,
				BA93C9FD24321FFD008B5E44 /* AppDelegate.swift in Sources */,
				BA93CA0F24322055008B5E44 /* Movie.swift in Sources */,
				BA93CA1324327882008B5E44 /* TableViewController.swift in Sources */,
				BA93CA1124322074008B5E44 /* SqliteManager.swift in Sources */,
				BA93CA1524327945008B5E44 /* MyTableViewCell.swift in Sources */,
			);
			runOnlyForDeploymentPostprocessing = 0;
		};
/* End PBXSourcesBuildPhase section */

/* Begin PBXVariantGroup section */
		BA93CA0024321FFD008B5E44 /* Main.storyboard */ = {
			isa = PBXVariantGroup;
			children = (
				BA93CA0124321FFD008B5E44 /* Base */,
			);
			name = Main.storyboard;
			sourceTree = "<group>";
		};
		BA93CA052432200C008B5E44 /* LaunchScreen.storyboard */ = {
			isa = PBXVariantGroup;
			children = (
				BA93CA062432200C008B5E44 /* Base */,
			);
			name = LaunchScreen.storyboard;
			sourceTree = "<group>";
		};
/* End PBXVariantGroup section */

/* Begin XCBuildConfiguration section */
		BA93CA092432200C008B5E44 /* Debug */ = {
			isa = XCBuildConfiguration;
			buildSettings = {
				ALWAYS_SEARCH_USER_PATHS = NO;
				CLANG_ANALYZER_NONNULL = YES;
				CLANG_ANALYZER_NUMBER_OBJECT_CONVERSION = YES_AGGRESSIVE;
				CLANG_CXX_LANGUAGE_STANDARD = "gnu++14";
				CLANG_CXX_LIBRARY = "libc++";
				CLANG_ENABLE_MODULES = YES;
				CLANG_ENABLE_OBJC_ARC = YES;
				CLANG_ENABLE_OBJC_WEAK = YES;
				CLANG_WARN_BLOCK_CAPTURE_AUTORELEASING = YES;
				CLANG_WARN_BOOL_CONVERSION = YES;
				CLANG_WARN_COMMA = YES;
				CLANG_WARN_CONSTANT_CONVERSION = YES;
				CLANG_WARN_DEPRECATED_OBJC_IMPLEMENTATIONS = YES;
				CLANG_WARN_DIRECT_OBJC_ISA_USAGE = YES_ERROR;
				CLANG_WARN_DOCUMENTATION_COMMENTS = YES;
				CLANG_WARN_EMPTY_BODY = YES;
				CLANG_WARN_ENUM_CONVERSION = YES;
				CLANG_WARN_INFINITE_RECURSION = YES;
				CLANG_WARN_INT_CONVERSION = YES;
				CLANG_WARN_NON_LITERAL_NULL_CONVERSION = YES;
				CLANG_WARN_OBJC_IMPLICIT_RETAIN_SELF = YES;
				CLANG_WARN_OBJC_LITERAL_CONVERSION = YES;
				CLANG_WARN_OBJC_ROOT_CLASS = YES_ERROR;
				CLANG_WARN_RANGE_LOOP_ANALYSIS = YES;
				CLANG_WARN_STRICT_PROTOTYPES = YES;
				CLANG_WARN_SUSPICIOUS_MOVE = YES;
				CLANG_WARN_UNGUARDED_AVAILABILITY = YES_AGGRESSIVE;
				CLANG_WARN_UNREACHABLE_CODE = YES;
				CLANG_WARN__DUPLICATE_METHOD_MATCH = YES;
				CODE_SIGN_IDENTITY = "iPhone Developer";
				COPY_PHASE_STRIP = NO;
				DEBUG_INFORMATION_FORMAT = dwarf;
				ENABLE_STRICT_OBJC_MSGSEND = YES;
				ENABLE_TESTABILITY = YES;
				GCC_C_LANGUAGE_STANDARD = gnu11;
				GCC_DYNAMIC_NO_PIC = NO;
				GCC_NO_COMMON_BLOCKS = YES;
				GCC_OPTIMIZATION_LEVEL = 0;
				GCC_PREPROCESSOR_DEFINITIONS = (
					"DEBUG=1",
					"$(inherited)",
				);
				GCC_WARN_64_TO_32_BIT_CONVERSION = YES;
				GCC_WARN_ABOUT_RETURN_TYPE = YES_ERROR;
				GCC_WARN_UNDECLARED_SELECTOR = YES;
				GCC_WARN_UNINITIALIZED_AUTOS = YES_AGGRESSIVE;
				GCC_WARN_UNUSED_FUNCTION = YES;
				GCC_WARN_UNUSED_VARIABLE = YES;
				IPHONEOS_DEPLOYMENT_TARGET = 11.3;
				MTL_ENABLE_DEBUG_INFO = YES;
				ONLY_ACTIVE_ARCH = YES;
				SDKROOT = iphoneos;
				SWIFT_ACTIVE_COMPILATION_CONDITIONS = DEBUG;
				SWIFT_OPTIMIZATION_LEVEL = "-Onone";
			};
			name = Debug;
		};
		BA93CA0A2432200C008B5E44 /* Release */ = {
			isa = XCBuildConfiguration;
			buildSettings = {
				ALWAYS_SEARCH_USER_PATHS = NO;
				CLANG_ANALYZER_NONNULL = YES;
				CLANG_ANALYZER_NUMBER_OBJECT_CONVERSION = YES_AGGRESSIVE;
				CLANG_CXX_LANGUAGE_STANDARD = "gnu++14";
				CLANG_CXX_LIBRARY = "libc++";
				CLANG_ENABLE_MODULES = YES;
				CLANG_ENABLE_OBJC_ARC = YES;
				CLANG_ENABLE_OBJC_WEAK = YES;
				CLANG_WARN_BLOCK_CAPTURE_AUTORELEASING = YES;
				CLANG_WARN_BOOL_CONVERSION = YES;
				CLANG_WARN_COMMA = YES;
				CLANG_WARN_CONSTANT_CONVERSION = YES;
				CLANG_WARN_DEPRECATED_OBJC_IMPLEMENTATIONS = YES;
				CLANG_WARN_DIRECT_OBJC_ISA_USAGE = YES_ERROR;
				CLANG_WARN_DOCUMENTATION_COMMENTS = YES;
				CLANG_WARN_EMPTY_BODY = YES;
				CLANG_WARN_ENUM_CONVERSION = YES;
				CLANG_WARN_INFINITE_RECURSION = YES;
				CLANG_WARN_INT_CONVERSION = YES;
				CLANG_WARN_NON_LITERAL_NULL_CONVERSION = YES;
				CLANG_WARN_OBJC_IMPLICIT_RETAIN_SELF = YES;
				CLANG_WARN_OBJC_LITERAL_CONVERSION = YES;
				CLANG_WARN_OBJC_ROOT_CLASS = YES_ERROR;
				CLANG_WARN_RANGE_LOOP_ANALYSIS = YES;
				CLANG_WARN_STRICT_PROTOTYPES = YES;
				CLANG_WARN_SUSPICIOUS_MOVE = YES;
				CLANG_WARN_UNGUARDED_AVAILABILITY = YES_AGGRESSIVE;
				CLANG_WARN_UNREACHABLE_CODE = YES;
				CLANG_WARN__DUPLICATE_METHOD_MATCH = YES;
				CODE_SIGN_IDENTITY = "iPhone Developer";
				COPY_PHASE_STRIP = NO;
				DEBUG_INFORMATION_FORMAT = "dwarf-with-dsym";
				ENABLE_NS_ASSERTIONS = NO;
				ENABLE_STRICT_OBJC_MSGSEND = YES;
				GCC_C_LANGUAGE_STANDARD = gnu11;
				GCC_NO_COMMON_BLOCKS = YES;
				GCC_WARN_64_TO_32_BIT_CONVERSION = YES;
				GCC_WARN_ABOUT_RETURN_TYPE = YES_ERROR;
				GCC_WARN_UNDECLARED_SELECTOR = YES;
				GCC_WARN_UNINITIALIZED_AUTOS = YES_AGGRESSIVE;
				GCC_WARN_UNUSED_FUNCTION = YES;
				GCC_WARN_UNUSED_VARIABLE = YES;
				IPHONEOS_DEPLOYMENT_TARGET = 11.3;
				MTL_ENABLE_DEBUG_INFO = NO;
				SDKROOT = iphoneos;
				SWIFT_COMPILATION_MODE = wholemodule;
				SWIFT_OPTIMIZATION_LEVEL = "-O";
				VALIDATE_PRODUCT = YES;
			};
			name = Release;
		};
		BA93CA0C2432200C008B5E44 /* Debug */ = {
			isa = XCBuildConfiguration;
			buildSettings = {
				ASSETCATALOG_COMPILER_APPICON_NAME = AppIcon;
				CODE_SIGN_STYLE = Automatic;
				INFOPLIST_FILE = MoviesWithSqlite/Info.plist;
				LD_RUNPATH_SEARCH_PATHS = (
					"$(inherited)",
					"@executable_path/Frameworks",
				);
				PRODUCT_BUNDLE_IDENTIFIER = com.MoviesWithSqlite;
				PRODUCT_NAME = "$(TARGET_NAME)";
				SWIFT_VERSION = 4.0;
				TARGETED_DEVICE_FAMILY = "1,2";
			};
			name = Debug;
		};
		BA93CA0D2432200C008B5E44 /* Release */ = {
			isa = XCBuildConfiguration;
			buildSettings = {
				ASSETCATALOG_COMPILER_APPICON_NAME = AppIcon;
				CODE_SIGN_STYLE = Automatic;
				INFOPLIST_FILE = MoviesWithSqlite/Info.plist;
				LD_RUNPATH_SEARCH_PATHS = (
					"$(inherited)",
					"@executable_path/Frameworks",
				);
				PRODUCT_BUNDLE_IDENTIFIER = com.MoviesWithSqlite;
				PRODUCT_NAME = "$(TARGET_NAME)";
				SWIFT_VERSION = 4.0;
				TARGETED_DEVICE_FAMILY = "1,2";
			};
			name = Release;
		};
/* End XCBuildConfiguration section */

/* Begin XCConfigurationList section */
		BA93C9F424321FFD008B5E44 /* Build configuration list for PBXProject "MoviesWithSqlite" */ = {
			isa = XCConfigurationList;
			buildConfigurations = (
				BA93CA092432200C008B5E44 /* Debug */,
				BA93CA0A2432200C008B5E44 /* Release */,
			);
			defaultConfigurationIsVisible = 0;
			defaultConfigurationName = Release;
		};
		BA93CA0B2432200C008B5E44 /* Build configuration list for PBXNativeTarget "MoviesWithSqlite" */ = {
			isa = XCConfigurationList;
			buildConfigurations = (
				BA93CA0C2432200C008B5E44 /* Debug */,
				BA93CA0D2432200C008B5E44 /* Release */,
			);
			defaultConfigurationIsVisible = 0;
			defaultConfigurationName = Release;
		};
/* End XCConfigurationList section */
	};
	rootObject = BA93C9F124321FFD008B5E44 /* Project object */;
}
