// !$*UTF8*$!
{
	archiveVersion = 1;
	classes = {
	};
	objectVersion = 50;
	objects = {

/* Begin PBXBuildFile section */
		8F8C2B4633136C404DEAD927 /* Pods_CustomCellApp.framework in Frameworks */ = {isa = PBXBuildFile; fileRef = C73EA05DDAD2CF4736BD2EF1 /* Pods_CustomCellApp.framework */; };
		BA596A442430962000F20AC8 /* AppDelegate.swift in Sources */ = {isa = PBXBuildFile; fileRef = BA596A432430962000F20AC8 /* AppDelegate.swift */; };
		BA596A462430962000F20AC8 /* ViewController.swift in Sources */ = {isa = PBXBuildFile; fileRef = BA596A452430962000F20AC8 /* ViewController.swift */; };
		BA596A492430962000F20AC8 /* Main.storyboard in Resources */ = {isa = PBXBuildFile; fileRef = BA596A472430962000F20AC8 /* Main.storyboard */; };
		BA596A4B2430962900F20AC8 /* Assets.xcassets in Resources */ = {isa = PBXBuildFile; fileRef = BA596A4A2430962900F20AC8 /* Assets.xcassets */; };
		BA596A4E2430962900F20AC8 /* LaunchScreen.storyboard in Resources */ = {isa = PBXBuildFile; fileRef = BA596A4C2430962900F20AC8 /* LaunchScreen.storyboard */; };
		BA596A562430966200F20AC8 /* MyTableViewCell.swift in Sources */ = {isa = PBXBuildFile; fileRef = BA596A552430966200F20AC8 /* MyTableViewCell.swift */; };
		BA596A582430967E00F20AC8 /* TableViewController.swift in Sources */ = {isa = PBXBuildFile; fileRef = BA596A572430967E00F20AC8 /* TableViewController.swift */; };
		BA596A5A2430A25100F20AC8 /* placeholder.png in Resources */ = {isa = PBXBuildFile; fileRef = BA596A592430A25100F20AC8 /* placeholder.png */; };
		BA596A5C2430AAA600F20AC8 /* Person.swift in Sources */ = {isa = PBXBuildFile; fileRef = BA596A5B2430AAA600F20AC8 /* Person.swift */; };
		BA596A5E2430AFD200F20AC8 /* CollectionViewController.swift in Sources */ = {isa = PBXBuildFile; fileRef = BA596A5D2430AFD200F20AC8 /* CollectionViewController.swift */; };
		BA596A622430D3CF00F20AC8 /* MyCollectionViewCell.swift in Sources */ = {isa = PBXBuildFile; fileRef = BA596A612430D3CF00F20AC8 /* MyCollectionViewCell.swift */; };
/* End PBXBuildFile section */

/* Begin PBXFileReference section */
		8D406E3C2B070899142D28AA /* Pods-CustomCellApp.debug.xcconfig */ = {isa = PBXFileReference; includeInIndex = 1; lastKnownFileType = text.xcconfig; name = "Pods-CustomCellApp.debug.xcconfig"; path = "Pods/Target Support Files/Pods-CustomCellApp/Pods-CustomCellApp.debug.xcconfig"; sourceTree = "<group>"; };
		BA596A402430962000F20AC8 /* CustomCellApp.app */ = {isa = PBXFileReference; explicitFileType = wrapper.application; includeInIndex = 0; path = CustomCellApp.app; sourceTree = BUILT_PRODUCTS_DIR; };
		BA596A432430962000F20AC8 /* AppDelegate.swift */ = {isa = PBXFileReference; lastKnownFileType = sourcecode.swift; path = AppDelegate.swift; sourceTree = "<group>"; };
		BA596A452430962000F20AC8 /* ViewController.swift */ = {isa = PBXFileReference; lastKnownFileType = sourcecode.swift; path = ViewController.swift; sourceTree = "<group>"; };
		BA596A482430962000F20AC8 /* Base */ = {isa = PBXFileReference; lastKnownFileType = file.storyboard; name = Base; path = Base.lproj/Main.storyboard; sourceTree = "<group>"; };
		BA596A4A2430962900F20AC8 /* Assets.xcassets */ = {isa = PBXFileReference; lastKnownFileType = folder.assetcatalog; path = Assets.xcassets; sourceTree = "<group>"; };
		BA596A4D2430962900F20AC8 /* Base */ = {isa = PBXFileReference; lastKnownFileType = file.storyboard; name = Base; path = Base.lproj/LaunchScreen.storyboard; sourceTree = "<group>"; };
		BA596A4F2430962900F20AC8 /* Info.plist */ = {isa = PBXFileReference; lastKnownFileType = text.plist.xml; path = Info.plist; sourceTree = "<group>"; };
		BA596A552430966200F20AC8 /* MyTableViewCell.swift */ = {isa = PBXFileReference; lastKnownFileType = sourcecode.swift; path = MyTableViewCell.swift; sourceTree = "<group>"; };
		BA596A572430967E00F20AC8 /* TableViewController.swift */ = {isa = PBXFileReference; lastKnownFileType = sourcecode.swift; path = TableViewController.swift; sourceTree = "<group>"; };
		BA596A592430A25100F20AC8 /* placeholder.png */ = {isa = PBXFileReference; lastKnownFileType = image.png; path = placeholder.png; sourceTree = "<group>"; };
		BA596A5B2430AAA600F20AC8 /* Person.swift */ = {isa = PBXFileReference; lastKnownFileType = sourcecode.swift; path = Person.swift; sourceTree = "<group>"; };
		BA596A5D2430AFD200F20AC8 /* CollectionViewController.swift */ = {isa = PBXFileReference; lastKnownFileType = sourcecode.swift; path = CollectionViewController.swift; sourceTree = "<group>"; };
		BA596A612430D3CF00F20AC8 /* MyCollectionViewCell.swift */ = {isa = PBXFileReference; lastKnownFileType = sourcecode.swift; path = MyCollectionViewCell.swift; sourceTree = "<group>"; };
		C73EA05DDAD2CF4736BD2EF1 /* Pods_CustomCellApp.framework */ = {isa = PBXFileReference; explicitFileType = wrapper.framework; includeInIndex = 0; path = Pods_CustomCellApp.framework; sourceTree = BUILT_PRODUCTS_DIR; };
		D4C7A15CDBBF3F761F5CA4D6 /* Pods-CustomCellApp.release.xcconfig */ = {isa = PBXFileReference; includeInIndex = 1; lastKnownFileType = text.xcconfig; name = "Pods-CustomCellApp.release.xcconfig"; path = "Pods/Target Support Files/Pods-CustomCellApp/Pods-CustomCellApp.release.xcconfig"; sourceTree = "<group>"; };
/* End PBXFileReference section */

/* Begin PBXFrameworksBuildPhase section */
		BA596A3D2430962000F20AC8 /* Frameworks */ = {
			isa = PBXFrameworksBuildPhase;
			buildActionMask = 2147483647;
			files = (
				8F8C2B4633136C404DEAD927 /* Pods_CustomCellApp.framework in Frameworks */,
			);
			runOnlyForDeploymentPostprocessing = 0;
		};
/* End PBXFrameworksBuildPhase section */

/* Begin PBXGroup section */
		442CCD4AF210E70441D5AF91 /* Pods */ = {
			isa = PBXGroup;
			children = (
				8D406E3C2B070899142D28AA /* Pods-CustomCellApp.debug.xcconfig */,
				D4C7A15CDBBF3F761F5CA4D6 /* Pods-CustomCellApp.release.xcconfig */,
			);
			name = Pods;
			sourceTree = "<group>";
		};
		4ADF5BDF12BFE04FC2C51E8C /* Frameworks */ = {
			isa = PBXGroup;
			children = (
				C73EA05DDAD2CF4736BD2EF1 /* Pods_CustomCellApp.framework */,
			);
			name = Frameworks;
			sourceTree = "<group>";
		};
		BA596A372430962000F20AC8 = {
			isa = PBXGroup;
			children = (
				BA596A422430962000F20AC8 /* CustomCellApp */,
				BA596A412430962000F20AC8 /* Products */,
				442CCD4AF210E70441D5AF91 /* Pods */,
				4ADF5BDF12BFE04FC2C51E8C /* Frameworks */,
			);
			sourceTree = "<group>";
		};
		BA596A412430962000F20AC8 /* Products */ = {
			isa = PBXGroup;
			children = (
				BA596A402430962000F20AC8 /* CustomCellApp.app */,
			);
			name = Products;
			sourceTree = "<group>";
		};
		BA596A422430962000F20AC8 /* CustomCellApp */ = {
			isa = PBXGroup;
			children = (
				BA596A432430962000F20AC8 /* AppDelegate.swift */,
				BA596A452430962000F20AC8 /* ViewController.swift */,
				BA596A592430A25100F20AC8 /* placeholder.png */,
				BA596A472430962000F20AC8 /* Main.storyboard */,
				BA596A4A2430962900F20AC8 /* Assets.xcassets */,
				BA596A4C2430962900F20AC8 /* LaunchScreen.storyboard */,
				BA596A4F2430962900F20AC8 /* Info.plist */,
				BA596A552430966200F20AC8 /* MyTableViewCell.swift */,
				BA596A572430967E00F20AC8 /* TableViewController.swift */,
				BA596A5B2430AAA600F20AC8 /* Person.swift */,
				BA596A5D2430AFD200F20AC8 /* CollectionViewController.swift */,
				BA596A612430D3CF00F20AC8 /* MyCollectionViewCell.swift */,
			);
			path = CustomCellApp;
			sourceTree = "<group>";
		};
/* End PBXGroup section */

/* Begin PBXNativeTarget section */
		BA596A3F2430962000F20AC8 /* CustomCellApp */ = {
			isa = PBXNativeTarget;
			buildConfigurationList = BA596A522430962900F20AC8 /* Build configuration list for PBXNativeTarget "CustomCellApp" */;
			buildPhases = (
				AD6627236E0569CE0FA1BB25 /* [CP] Check Pods Manifest.lock */,
				BA596A3C2430962000F20AC8 /* Sources */,
				BA596A3D2430962000F20AC8 /* Frameworks */,
				BA596A3E2430962000F20AC8 /* Resources */,
				50ACB91818503D76475B3D57 /* [CP] Embed Pods Frameworks */,
			);
			buildRules = (
			);
			dependencies = (
			);
			name = CustomCellApp;
			productName = CustomCellApp;
			productReference = BA596A402430962000F20AC8 /* CustomCellApp.app */;
			productType = "com.apple.product-type.application";
		};
/* End PBXNativeTarget section */

/* Begin PBXProject section */
		BA596A382430962000F20AC8 /* Project object */ = {
			isa = PBXProject;
			attributes = {
				LastSwiftUpdateCheck = 0930;
				LastUpgradeCheck = 0930;
				ORGANIZATIONNAME = Jets;
				TargetAttributes = {
					BA596A3F2430962000F20AC8 = {
						CreatedOnToolsVersion = 9.3;
					};
				};
			};
			buildConfigurationList = BA596A3B2430962000F20AC8 /* Build configuration list for PBXProject "CustomCellApp" */;
			compatibilityVersion = "Xcode 9.3";
			developmentRegion = en;
			hasScannedForEncodings = 0;
			knownRegions = (
				en,
				Base,
			);
			mainGroup = BA596A372430962000F20AC8;
			productRefGroup = BA596A412430962000F20AC8 /* Products */;
			projectDirPath = "";
			projectRoot = "";
			targets = (
				BA596A3F2430962000F20AC8 /* CustomCellApp */,
			);
		};
/* End PBXProject section */

/* Begin PBXResourcesBuildPhase section */
		BA596A3E2430962000F20AC8 /* Resources */ = {
			isa = PBXResourcesBuildPhase;
			buildActionMask = 2147483647;
			files = (
				BA596A4E2430962900F20AC8 /* LaunchScreen.storyboard in Resources */,
				BA596A5A2430A25100F20AC8 /* placeholder.png in Resources */,
				BA596A4B2430962900F20AC8 /* Assets.xcassets in Resources */,
				BA596A492430962000F20AC8 /* Main.storyboard in Resources */,
			);
			runOnlyForDeploymentPostprocessing = 0;
		};
/* End PBXResourcesBuildPhase section */

/* Begin PBXShellScriptBuildPhase section */
		50ACB91818503D76475B3D57 /* [CP] Embed Pods Frameworks */ = {
			isa = PBXShellScriptBuildPhase;
			buildActionMask = 2147483647;
			files = (
			);
			inputPaths = (
				"${SRCROOT}/Pods/Target Support Files/Pods-CustomCellApp/Pods-CustomCellApp-frameworks.sh",
				"${BUILT_PRODUCTS_DIR}/Kingfisher/Kingfisher.framework",
			);
			name = "[CP] Embed Pods Frameworks";
			outputPaths = (
				"${TARGET_BUILD_DIR}/${FRAMEWORKS_FOLDER_PATH}/Kingfisher.framework",
			);
			runOnlyForDeploymentPostprocessing = 0;
			shellPath = /bin/sh;
			shellScript = "\"${SRCROOT}/Pods/Target Support Files/Pods-CustomCellApp/Pods-CustomCellApp-frameworks.sh\"\n";
			showEnvVarsInLog = 0;
		};
		AD6627236E0569CE0FA1BB25 /* [CP] Check Pods Manifest.lock */ = {
			isa = PBXShellScriptBuildPhase;
			buildActionMask = 2147483647;
			files = (
			);
			inputPaths = (
				"${PODS_PODFILE_DIR_PATH}/Podfile.lock",
				"${PODS_ROOT}/Manifest.lock",
			);
			name = "[CP] Check Pods Manifest.lock";
			outputPaths = (
				"$(DERIVED_FILE_DIR)/Pods-CustomCellApp-checkManifestLockResult.txt",
			);
			runOnlyForDeploymentPostprocessing = 0;
			shellPath = /bin/sh;
			shellScript = "diff \"${PODS_PODFILE_DIR_PATH}/Podfile.lock\" \"${PODS_ROOT}/Manifest.lock\" > /dev/null\nif [ $? != 0 ] ; then\n    # print error to STDERR\n    echo \"error: The sandbox is not in sync with the Podfile.lock. Run 'pod install' or update your CocoaPods installation.\" >&2\n    exit 1\nfi\n# This output is used by Xcode 'outputs' to avoid re-running this script phase.\necho \"SUCCESS\" > \"${SCRIPT_OUTPUT_FILE_0}\"\n";
			showEnvVarsInLog = 0;
		};
/* End PBXShellScriptBuildPhase section */

/* Begin PBXSourcesBuildPhase section */
		BA596A3C2430962000F20AC8 /* Sources */ = {
			isa = PBXSourcesBuildPhase;
			buildActionMask = 2147483647;
			files = (
				BA596A5E2430AFD200F20AC8 /* CollectionViewController.swift in Sources */,
				BA596A622430D3CF00F20AC8 /* MyCollectionViewCell.swift in Sources */,
				BA596A5C2430AAA600F20AC8 /* Person.swift in Sources */,
				BA596A462430962000F20AC8 /* ViewController.swift in Sources */,
				BA596A442430962000F20AC8 /* AppDelegate.swift in Sources */,
				BA596A562430966200F20AC8 /* MyTableViewCell.swift in Sources */,
				BA596A582430967E00F20AC8 /* TableViewController.swift in Sources */,
			);
			runOnlyForDeploymentPostprocessing = 0;
		};
/* End PBXSourcesBuildPhase section */

/* Begin PBXVariantGroup section */
		BA596A472430962000F20AC8 /* Main.storyboard */ = {
			isa = PBXVariantGroup;
			children = (
				BA596A482430962000F20AC8 /* Base */,
			);
			name = Main.storyboard;
			sourceTree = "<group>";
		};
		BA596A4C2430962900F20AC8 /* LaunchScreen.storyboard */ = {
			isa = PBXVariantGroup;
			children = (
				BA596A4D2430962900F20AC8 /* Base */,
			);
			name = LaunchScreen.storyboard;
			sourceTree = "<group>";
		};
/* End PBXVariantGroup section */

/* Begin XCBuildConfiguration section */
		BA596A502430962900F20AC8 /* Debug */ = {
			isa = XCBuildConfiguration;
			buildSettings = {
				ALWAYS_SEARCH_USER_PATHS = NO;
				CLANG_ANALYZER_NONNULL = YES;
				CLANG_ANALYZER_NUMBER_OBJECT_CONVERSION = YES_AGGRESSIVE;
				CLANG_CXX_LANGUAGE_STANDARD = "gnu++14";
				CLANG_CXX_LIBRARY = "libc++";
				CLANG_ENABLE_MODULES = YES;
				CLANG_ENABLE_OBJC_ARC = YES;
				CLANG_ENABLE_OBJC_WEAK = YES;
				CLANG_WARN_BLOCK_CAPTURE_AUTORELEASING = YES;
				CLANG_WARN_BOOL_CONVERSION = YES;
				CLANG_WARN_COMMA = YES;
				CLANG_WARN_CONSTANT_CONVERSION = YES;
				CLANG_WARN_DEPRECATED_OBJC_IMPLEMENTATIONS = YES;
				CLANG_WARN_DIRECT_OBJC_ISA_USAGE = YES_ERROR;
				CLANG_WARN_DOCUMENTATION_COMMENTS = YES;
				CLANG_WARN_EMPTY_BODY = YES;
				CLANG_WARN_ENUM_CONVERSION = YES;
				CLANG_WARN_INFINITE_RECURSION = YES;
				CLANG_WARN_INT_CONVERSION = YES;
				CLANG_WARN_NON_LITERAL_NULL_CONVERSION = YES;
				CLANG_WARN_OBJC_IMPLICIT_RETAIN_SELF = YES;
				CLANG_WARN_OBJC_LITERAL_CONVERSION = YES;
				CLANG_WARN_OBJC_ROOT_CLASS = YES_ERROR;
				CLANG_WARN_RANGE_LOOP_ANALYSIS = YES;
				CLANG_WARN_STRICT_PROTOTYPES = YES;
				CLANG_WARN_SUSPICIOUS_MOVE = YES;
				CLANG_WARN_UNGUARDED_AVAILABILITY = YES_AGGRESSIVE;
				CLANG_WARN_UNREACHABLE_CODE = YES;
				CLANG_WARN__DUPLICATE_METHOD_MATCH = YES;
				CODE_SIGN_IDENTITY = "iPhone Developer";
				COPY_PHASE_STRIP = NO;
				DEBUG_INFORMATION_FORMAT = dwarf;
				ENABLE_STRICT_OBJC_MSGSEND = YES;
				ENABLE_TESTABILITY = YES;
				GCC_C_LANGUAGE_STANDARD = gnu11;
				GCC_DYNAMIC_NO_PIC = NO;
				GCC_NO_COMMON_BLOCKS = YES;
				GCC_OPTIMIZATION_LEVEL = 0;
				GCC_PREPROCESSOR_DEFINITIONS = (
					"DEBUG=1",
					"$(inherited)",
				);
				GCC_WARN_64_TO_32_BIT_CONVERSION = YES;
				GCC_WARN_ABOUT_RETURN_TYPE = YES_ERROR;
				GCC_WARN_UNDECLARED_SELECTOR = YES;
				GCC_WARN_UNINITIALIZED_AUTOS = YES_AGGRESSIVE;
				GCC_WARN_UNUSED_FUNCTION = YES;
				GCC_WARN_UNUSED_VARIABLE = YES;
				IPHONEOS_DEPLOYMENT_TARGET = 11.3;
				MTL_ENABLE_DEBUG_INFO = YES;
				ONLY_ACTIVE_ARCH = YES;
				SDKROOT = iphoneos;
				SWIFT_ACTIVE_COMPILATION_CONDITIONS = DEBUG;
				SWIFT_OPTIMIZATION_LEVEL = "-Onone";
			};
			name = Debug;
		};
		BA596A512430962900F20AC8 /* Release */ = {
			isa = XCBuildConfiguration;
			buildSettings = {
				ALWAYS_SEARCH_USER_PATHS = NO;
				CLANG_ANALYZER_NONNULL = YES;
				CLANG_ANALYZER_NUMBER_OBJECT_CONVERSION = YES_AGGRESSIVE;
				CLANG_CXX_LANGUAGE_STANDARD = "gnu++14";
				CLANG_CXX_LIBRARY = "libc++";
				CLANG_ENABLE_MODULES = YES;
				CLANG_ENABLE_OBJC_ARC = YES;
				CLANG_ENABLE_OBJC_WEAK = YES;
				CLANG_WARN_BLOCK_CAPTURE_AUTORELEASING = YES;
				CLANG_WARN_BOOL_CONVERSION = YES;
				CLANG_WARN_COMMA = YES;
				CLANG_WARN_CONSTANT_CONVERSION = YES;
				CLANG_WARN_DEPRECATED_OBJC_IMPLEMENTATIONS = YES;
				CLANG_WARN_DIRECT_OBJC_ISA_USAGE = YES_ERROR;
				CLANG_WARN_DOCUMENTATION_COMMENTS = YES;
				CLANG_WARN_EMPTY_BODY = YES;
				CLANG_WARN_ENUM_CONVERSION = YES;
				CLANG_WARN_INFINITE_RECURSION = YES;
				CLANG_WARN_INT_CONVERSION = YES;
				CLANG_WARN_NON_LITERAL_NULL_CONVERSION = YES;
				CLANG_WARN_OBJC_IMPLICIT_RETAIN_SELF = YES;
				CLANG_WARN_OBJC_LITERAL_CONVERSION = YES;
				CLANG_WARN_OBJC_ROOT_CLASS = YES_ERROR;
				CLANG_WARN_RANGE_LOOP_ANALYSIS = YES;
				CLANG_WARN_STRICT_PROTOTYPES = YES;
				CLANG_WARN_SUSPICIOUS_MOVE = YES;
				CLANG_WARN_UNGUARDED_AVAILABILITY = YES_AGGRESSIVE;
				CLANG_WARN_UNREACHABLE_CODE = YES;
				CLANG_WARN__DUPLICATE_METHOD_MATCH = YES;
				CODE_SIGN_IDENTITY = "iPhone Developer";
				COPY_PHASE_STRIP = NO;
				DEBUG_INFORMATION_FORMAT = "dwarf-with-dsym";
				ENABLE_NS_ASSERTIONS = NO;
				ENABLE_STRICT_OBJC_MSGSEND = YES;
				GCC_C_LANGUAGE_STANDARD = gnu11;
				GCC_NO_COMMON_BLOCKS = YES;
				GCC_WARN_64_TO_32_BIT_CONVERSION = YES;
				GCC_WARN_ABOUT_RETURN_TYPE = YES_ERROR;
				GCC_WARN_UNDECLARED_SELECTOR = YES;
				GCC_WARN_UNINITIALIZED_AUTOS = YES_AGGRESSIVE;
				GCC_WARN_UNUSED_FUNCTION = YES;
				GCC_WARN_UNUSED_VARIABLE = YES;
				IPHONEOS_DEPLOYMENT_TARGET = 11.3;
				MTL_ENABLE_DEBUG_INFO = NO;
				SDKROOT = iphoneos;
				SWIFT_COMPILATION_MODE = wholemodule;
				SWIFT_OPTIMIZATION_LEVEL = "-O";
				VALIDATE_PRODUCT = YES;
			};
			name = Release;
		};
		BA596A532430962900F20AC8 /* Debug */ = {
			isa = XCBuildConfiguration;
			baseConfigurationReference = 8D406E3C2B070899142D28AA /* Pods-CustomCellApp.debug.xcconfig */;
			buildSettings = {
				ASSETCATALOG_COMPILER_APPICON_NAME = AppIcon;
				CODE_SIGN_STYLE = Automatic;
				INFOPLIST_FILE = CustomCellApp/Info.plist;
				LD_RUNPATH_SEARCH_PATHS = (
					"$(inherited)",
					"@executable_path/Frameworks",
				);
				PRODUCT_BUNDLE_IDENTIFIER = com.CustomCellApp;
				PRODUCT_NAME = "$(TARGET_NAME)";
				SWIFT_VERSION = 4.0;
				TARGETED_DEVICE_FAMILY = "1,2";
			};
			name = Debug;
		};
		BA596A542430962900F20AC8 /* Release */ = {
			isa = XCBuildConfiguration;
			baseConfigurationReference = D4C7A15CDBBF3F761F5CA4D6 /* Pods-CustomCellApp.release.xcconfig */;
			buildSettings = {
				ASSETCATALOG_COMPILER_APPICON_NAME = AppIcon;
				CODE_SIGN_STYLE = Automatic;
				INFOPLIST_FILE = CustomCellApp/Info.plist;
				LD_RUNPATH_SEARCH_PATHS = (
					"$(inherited)",
					"@executable_path/Frameworks",
				);
				PRODUCT_BUNDLE_IDENTIFIER = com.CustomCellApp;
				PRODUCT_NAME = "$(TARGET_NAME)";
				SWIFT_VERSION = 4.0;
				TARGETED_DEVICE_FAMILY = "1,2";
			};
			name = Release;
		};
/* End XCBuildConfiguration section */

/* Begin XCConfigurationList section */
		BA596A3B2430962000F20AC8 /* Build configuration list for PBXProject "CustomCellApp" */ = {
			isa = XCConfigurationList;
			buildConfigurations = (
				BA596A502430962900F20AC8 /* Debug */,
				BA596A512430962900F20AC8 /* Release */,
			);
			defaultConfigurationIsVisible = 0;
			defaultConfigurationName = Release;
		};
		BA596A522430962900F20AC8 /* Build configuration list for PBXNativeTarget "CustomCellApp" */ = {
			isa = XCConfigurationList;
			buildConfigurations = (
				BA596A532430962900F20AC8 /* Debug */,
				BA596A542430962900F20AC8 /* Release */,
			);
			defaultConfigurationIsVisible = 0;
			defaultConfigurationName = Release;
		};
/* End XCConfigurationList section */
	};
	rootObject = BA596A382430962000F20AC8 /* Project object */;
}
